// !$*UTF8*$!
{
	archiveVersion = 1;
	classes = {
	};
	objectVersion = 50;
	objects = {

/* Begin PBXBuildFile section */
		7E05DF67232BBFD8004E250F /* Formdata.xcdatamodeld in Sources */ = {isa = PBXBuildFile; fileRef = 7E05DF65232BBFD8004E250F /* Formdata.xcdatamodeld */; };
		7E05DF6E232BC070004E250F /* User+CoreDataClass.swift in Sources */ = {isa = PBXBuildFile; fileRef = 7E05DF6C232BC070004E250F /* User+CoreDataClass.swift */; };
		7E05DF71232BC14B004E250F /* CoreDataStack.swift in Sources */ = {isa = PBXBuildFile; fileRef = 7E05DF70232BC14B004E250F /* CoreDataStack.swift */; };
		7E05DF75232BCD2C004E250F /* User+CoreDataProperties.swift in Sources */ = {isa = PBXBuildFile; fileRef = 7E05DF74232BCD2C004E250F /* User+CoreDataProperties.swift */; };
		7E2FC6E5232CB860005D48B4 /* AllUsers.swift in Sources */ = {isa = PBXBuildFile; fileRef = 7E2FC6E4232CB860005D48B4 /* AllUsers.swift */; };
		7E36A0832330FA310062A508 /* FormView.swift in Sources */ = {isa = PBXBuildFile; fileRef = 7E36A0822330FA310062A508 /* FormView.swift */; };
		7ECC3E5A232F4C79009C89E9 /* MyAllUsers.swift in Sources */ = {isa = PBXBuildFile; fileRef = 7ECC3E59232F4C79009C89E9 /* MyAllUsers.swift */; };
		7ECC3E5C232F5DC9009C89E9 /* MyUsers.swift in Sources */ = {isa = PBXBuildFile; fileRef = 7ECC3E5B232F5DC9009C89E9 /* MyUsers.swift */; };
		7ED43F2E22FED19B0005F60A /* AppDelegate.swift in Sources */ = {isa = PBXBuildFile; fileRef = 7ED43F2D22FED19B0005F60A /* AppDelegate.swift */; };
		7ED43F3022FED19B0005F60A /* SceneDelegate.swift in Sources */ = {isa = PBXBuildFile; fileRef = 7ED43F2F22FED19B0005F60A /* SceneDelegate.swift */; };
		7ED43F3222FED19B0005F60A /* ContentView.swift in Sources */ = {isa = PBXBuildFile; fileRef = 7ED43F3122FED19B0005F60A /* ContentView.swift */; };
		7ED43F3422FED1A70005F60A /* Assets.xcassets in Resources */ = {isa = PBXBuildFile; fileRef = 7ED43F3322FED1A70005F60A /* Assets.xcassets */; };
		7ED43F3722FED1A70005F60A /* Preview Assets.xcassets in Resources */ = {isa = PBXBuildFile; fileRef = 7ED43F3622FED1A70005F60A /* Preview Assets.xcassets */; };
		7ED43F3A22FED1A70005F60A /* LaunchScreen.storyboard in Resources */ = {isa = PBXBuildFile; fileRef = 7ED43F3822FED1A70005F60A /* LaunchScreen.storyboard */; };
		7ED43F4222FED2020005F60A /* RegistrationModel.swift in Sources */ = {isa = PBXBuildFile; fileRef = 7ED43F4122FED2020005F60A /* RegistrationModel.swift */; };
/* End PBXBuildFile section */

/* Begin PBXFileReference section */
		7E05DF66232BBFD8004E250F /* Formdata.xcdatamodel */ = {isa = PBXFileReference; lastKnownFileType = wrapper.xcdatamodel; path = Formdata.xcdatamodel; sourceTree = "<group>"; };
		7E05DF6C232BC070004E250F /* User+CoreDataClass.swift */ = {isa = PBXFileReference; lastKnownFileType = sourcecode.swift; path = "User+CoreDataClass.swift"; sourceTree = "<group>"; };
		7E05DF70232BC14B004E250F /* CoreDataStack.swift */ = {isa = PBXFileReference; fileEncoding = 4; lastKnownFileType = sourcecode.swift; path = CoreDataStack.swift; sourceTree = "<group>"; };
		7E05DF74232BCD2C004E250F /* User+CoreDataProperties.swift */ = {isa = PBXFileReference; lastKnownFileType = sourcecode.swift; path = "User+CoreDataProperties.swift"; sourceTree = "<group>"; };
		7E2FC6E4232CB860005D48B4 /* AllUsers.swift */ = {isa = PBXFileReference; lastKnownFileType = sourcecode.swift; path = AllUsers.swift; sourceTree = "<group>"; };
		7E36A0822330FA310062A508 /* FormView.swift */ = {isa = PBXFileReference; lastKnownFileType = sourcecode.swift; path = FormView.swift; sourceTree = "<group>"; };
		7ECC3E59232F4C79009C89E9 /* MyAllUsers.swift */ = {isa = PBXFileReference; lastKnownFileType = sourcecode.swift; path = MyAllUsers.swift; sourceTree = "<group>"; };
		7ECC3E5B232F5DC9009C89E9 /* MyUsers.swift */ = {isa = PBXFileReference; lastKnownFileType = sourcecode.swift; path = MyUsers.swift; sourceTree = "<group>"; };
		7ED43F2A22FED19B0005F60A /* Combine-Forms-Problem.app */ = {isa = PBXFileReference; explicitFileType = wrapper.application; includeInIndex = 0; path = "Combine-Forms-Problem.app"; sourceTree = BUILT_PRODUCTS_DIR; };
		7ED43F2D22FED19B0005F60A /* AppDelegate.swift */ = {isa = PBXFileReference; lastKnownFileType = sourcecode.swift; path = AppDelegate.swift; sourceTree = "<group>"; };
		7ED43F2F22FED19B0005F60A /* SceneDelegate.swift */ = {isa = PBXFileReference; lastKnownFileType = sourcecode.swift; path = SceneDelegate.swift; sourceTree = "<group>"; };
		7ED43F3122FED19B0005F60A /* ContentView.swift */ = {isa = PBXFileReference; lastKnownFileType = sourcecode.swift; path = ContentView.swift; sourceTree = "<group>"; };
		7ED43F3322FED1A70005F60A /* Assets.xcassets */ = {isa = PBXFileReference; lastKnownFileType = folder.assetcatalog; path = Assets.xcassets; sourceTree = "<group>"; };
		7ED43F3622FED1A70005F60A /* Preview Assets.xcassets */ = {isa = PBXFileReference; lastKnownFileType = folder.assetcatalog; path = "Preview Assets.xcassets"; sourceTree = "<group>"; };
		7ED43F3922FED1A70005F60A /* Base */ = {isa = PBXFileReference; lastKnownFileType = file.storyboard; name = Base; path = Base.lproj/LaunchScreen.storyboard; sourceTree = "<group>"; };
		7ED43F3B22FED1A70005F60A /* Info.plist */ = {isa = PBXFileReference; lastKnownFileType = text.plist.xml; path = Info.plist; sourceTree = "<group>"; };
		7ED43F4122FED2020005F60A /* RegistrationModel.swift */ = {isa = PBXFileReference; lastKnownFileType = sourcecode.swift; path = RegistrationModel.swift; sourceTree = "<group>"; };
/* End PBXFileReference section */

/* Begin PBXFrameworksBuildPhase section */
		7ED43F2722FED19B0005F60A /* Frameworks */ = {
			isa = PBXFrameworksBuildPhase;
			buildActionMask = 2147483647;
			files = (
			);
			runOnlyForDeploymentPostprocessing = 0;
		};
/* End PBXFrameworksBuildPhase section */

/* Begin PBXGroup section */
		7ED43F2122FED19B0005F60A = {
			isa = PBXGroup;
			children = (
				7ED43F2C22FED19B0005F60A /* Combine-Forms-Problem */,
				7ED43F2B22FED19B0005F60A /* Products */,
			);
			sourceTree = "<group>";
		};
		7ED43F2B22FED19B0005F60A /* Products */ = {
			isa = PBXGroup;
			children = (
				7ED43F2A22FED19B0005F60A /* Combine-Forms-Problem.app */,
			);
			name = Products;
			sourceTree = "<group>";
		};
		7ED43F2C22FED19B0005F60A /* Combine-Forms-Problem */ = {
			isa = PBXGroup;
			children = (
				7E05DF74232BCD2C004E250F /* User+CoreDataProperties.swift */,
				7E05DF6C232BC070004E250F /* User+CoreDataClass.swift */,
				7ED43F2D22FED19B0005F60A /* AppDelegate.swift */,
				7E05DF70232BC14B004E250F /* CoreDataStack.swift */,
				7ED43F2F22FED19B0005F60A /* SceneDelegate.swift */,
				7ED43F3122FED19B0005F60A /* ContentView.swift */,
				7E36A0822330FA310062A508 /* FormView.swift */,
				7ED43F4122FED2020005F60A /* RegistrationModel.swift */,
				7E2FC6E4232CB860005D48B4 /* AllUsers.swift */,
				7ECC3E59232F4C79009C89E9 /* MyAllUsers.swift */,
				7ECC3E5B232F5DC9009C89E9 /* MyUsers.swift */,
				7ED43F3322FED1A70005F60A /* Assets.xcassets */,
				7ED43F3822FED1A70005F60A /* LaunchScreen.storyboard */,
				7ED43F3B22FED1A70005F60A /* Info.plist */,
				7ED43F3522FED1A70005F60A /* Preview Content */,
				7E05DF65232BBFD8004E250F /* Formdata.xcdatamodeld */,
			);
			path = "Combine-Forms-Problem";
			sourceTree = "<group>";
		};
		7ED43F3522FED1A70005F60A /* Preview Content */ = {
			isa = PBXGroup;
			children = (
				7ED43F3622FED1A70005F60A /* Preview Assets.xcassets */,
			);
			path = "Preview Content";
			sourceTree = "<group>";
		};
/* End PBXGroup section */

/* Begin PBXNativeTarget section */
		7ED43F2922FED19B0005F60A /* Combine-Forms-Problem */ = {
			isa = PBXNativeTarget;
			buildConfigurationList = 7ED43F3E22FED1A70005F60A /* Build configuration list for PBXNativeTarget "Combine-Forms-Problem" */;
			buildPhases = (
				7ED43F2622FED19B0005F60A /* Sources */,
				7ED43F2722FED19B0005F60A /* Frameworks */,
				7ED43F2822FED19B0005F60A /* Resources */,
			);
			buildRules = (
			);
			dependencies = (
			);
			name = "Combine-Forms-Problem";
			packageProductDependencies = (
			);
			productName = "Combine-Forms-Problem";
			productReference = 7ED43F2A22FED19B0005F60A /* Combine-Forms-Problem.app */;
			productType = "com.apple.product-type.application";
		};
/* End PBXNativeTarget section */

/* Begin PBXProject section */
		7ED43F2222FED19B0005F60A /* Project object */ = {
			isa = PBXProject;
			attributes = {
				LastSwiftUpdateCheck = 1100;
				LastUpgradeCheck = 1100;
				ORGANIZATIONNAME = "Greenleaf Software";
				TargetAttributes = {
					7ED43F2922FED19B0005F60A = {
						CreatedOnToolsVersion = 11.0;
					};
				};
			};
			buildConfigurationList = 7ED43F2522FED19B0005F60A /* Build configuration list for PBXProject "Combine-Forms-Problem" */;
			compatibilityVersion = "Xcode 9.3";
			developmentRegion = en;
			hasScannedForEncodings = 0;
			knownRegions = (
				en,
				Base,
			);
			mainGroup = 7ED43F2122FED19B0005F60A;
			packageReferences = (
			);
			productRefGroup = 7ED43F2B22FED19B0005F60A /* Products */;
			projectDirPath = "";
			projectRoot = "";
			targets = (
				7ED43F2922FED19B0005F60A /* Combine-Forms-Problem */,
			);
		};
/* End PBXProject section */

/* Begin PBXResourcesBuildPhase section */
		7ED43F2822FED19B0005F60A /* Resources */ = {
			isa = PBXResourcesBuildPhase;
			buildActionMask = 2147483647;
			files = (
				7ED43F3A22FED1A70005F60A /* LaunchScreen.storyboard in Resources */,
				7ED43F3722FED1A70005F60A /* Preview Assets.xcassets in Resources */,
				7ED43F3422FED1A70005F60A /* Assets.xcassets in Resources */,
			);
			runOnlyForDeploymentPostprocessing = 0;
		};
/* End PBXResourcesBuildPhase section */

/* Begin PBXSourcesBuildPhase section */
		7ED43F2622FED19B0005F60A /* Sources */ = {
			isa = PBXSourcesBuildPhase;
			buildActionMask = 2147483647;
			files = (
				7E36A0832330FA310062A508 /* FormView.swift in Sources */,
				7ED43F2E22FED19B0005F60A /* AppDelegate.swift in Sources */,
				7E05DF67232BBFD8004E250F /* Formdata.xcdatamodeld in Sources */,
				7ECC3E5C232F5DC9009C89E9 /* MyUsers.swift in Sources */,
				7E05DF75232BCD2C004E250F /* User+CoreDataProperties.swift in Sources */,
				7ED43F3022FED19B0005F60A /* SceneDelegate.swift in Sources */,
				7ECC3E5A232F4C79009C89E9 /* MyAllUsers.swift in Sources */,
				7E2FC6E5232CB860005D48B4 /* AllUsers.swift in Sources */,
				7ED43F4222FED2020005F60A /* RegistrationModel.swift in Sources */,
				7E05DF6E232BC070004E250F /* User+CoreDataClass.swift in Sources */,
				7ED43F3222FED19B0005F60A /* ContentView.swift in Sources */,
				7E05DF71232BC14B004E250F /* CoreDataStack.swift in Sources */,
			);
			runOnlyForDeploymentPostprocessing = 0;
		};
/* End PBXSourcesBuildPhase section */

/* Begin PBXVariantGroup section */
		7ED43F3822FED1A70005F60A /* LaunchScreen.storyboard */ = {
			isa = PBXVariantGroup;
			children = (
				7ED43F3922FED1A70005F60A /* Base */,
			);
			name = LaunchScreen.storyboard;
			sourceTree = "<group>";
		};
/* End PBXVariantGroup section */

/* Begin XCBuildConfiguration section */
		7ED43F3C22FED1A70005F60A /* Debug */ = {
			isa = XCBuildConfiguration;
			buildSettings = {
				ALWAYS_SEARCH_USER_PATHS = NO;
				CLANG_ANALYZER_NONNULL = YES;
				CLANG_ANALYZER_NUMBER_OBJECT_CONVERSION = YES_AGGRESSIVE;
				CLANG_CXX_LANGUAGE_STANDARD = "gnu++14";
				CLANG_CXX_LIBRARY = "libc++";
				CLANG_ENABLE_MODULES = YES;
				CLANG_ENABLE_OBJC_ARC = YES;
				CLANG_ENABLE_OBJC_WEAK = YES;
				CLANG_WARN_BLOCK_CAPTURE_AUTORELEASING = YES;
				CLANG_WARN_BOOL_CONVERSION = YES;
				CLANG_WARN_COMMA = YES;
				CLANG_WARN_CONSTANT_CONVERSION = YES;
				CLANG_WARN_DEPRECATED_OBJC_IMPLEMENTATIONS = YES;
				CLANG_WARN_DIRECT_OBJC_ISA_USAGE = YES_ERROR;
				CLANG_WARN_DOCUMENTATION_COMMENTS = YES;
				CLANG_WARN_EMPTY_BODY = YES;
				CLANG_WARN_ENUM_CONVERSION = YES;
				CLANG_WARN_INFINITE_RECURSION = YES;
				CLANG_WARN_INT_CONVERSION = YES;
				CLANG_WARN_NON_LITERAL_NULL_CONVERSION = YES;
				CLANG_WARN_OBJC_IMPLICIT_RETAIN_SELF = YES;
				CLANG_WARN_OBJC_LITERAL_CONVERSION = YES;
				CLANG_WARN_OBJC_ROOT_CLASS = YES_ERROR;
				CLANG_WARN_RANGE_LOOP_ANALYSIS = YES;
				CLANG_WARN_STRICT_PROTOTYPES = YES;
				CLANG_WARN_SUSPICIOUS_MOVE = YES;
				CLANG_WARN_UNGUARDED_AVAILABILITY = YES_AGGRESSIVE;
				CLANG_WARN_UNREACHABLE_CODE = YES;
				CLANG_WARN__DUPLICATE_METHOD_MATCH = YES;
				COPY_PHASE_STRIP = NO;
				DEBUG_INFORMATION_FORMAT = dwarf;
				ENABLE_STRICT_OBJC_MSGSEND = YES;
				ENABLE_TESTABILITY = YES;
				GCC_C_LANGUAGE_STANDARD = gnu11;
				GCC_DYNAMIC_NO_PIC = NO;
				GCC_NO_COMMON_BLOCKS = YES;
				GCC_OPTIMIZATION_LEVEL = 0;
				GCC_PREPROCESSOR_DEFINITIONS = (
					"DEBUG=1",
					"$(inherited)",
				);
				GCC_WARN_64_TO_32_BIT_CONVERSION = YES;
				GCC_WARN_ABOUT_RETURN_TYPE = YES_ERROR;
				GCC_WARN_UNDECLARED_SELECTOR = YES;
				GCC_WARN_UNINITIALIZED_AUTOS = YES_AGGRESSIVE;
				GCC_WARN_UNUSED_FUNCTION = YES;
				GCC_WARN_UNUSED_VARIABLE = YES;
				IPHONEOS_DEPLOYMENT_TARGET = 13.0;
				MTL_ENABLE_DEBUG_INFO = INCLUDE_SOURCE;
				MTL_FAST_MATH = YES;
				ONLY_ACTIVE_ARCH = YES;
				SDKROOT = iphoneos;
				SWIFT_ACTIVE_COMPILATION_CONDITIONS = DEBUG;
				SWIFT_OPTIMIZATION_LEVEL = "-Onone";
			};
			name = Debug;
		};
		7ED43F3D22FED1A70005F60A /* Release */ = {
			isa = XCBuildConfiguration;
			buildSettings = {
				ALWAYS_SEARCH_USER_PATHS = NO;
				CLANG_ANALYZER_NONNULL = YES;
				CLANG_ANALYZER_NUMBER_OBJECT_CONVERSION = YES_AGGRESSIVE;
				CLANG_CXX_LANGUAGE_STANDARD = "gnu++14";
				CLANG_CXX_LIBRARY = "libc++";
				CLANG_ENABLE_MODULES = YES;
				CLANG_ENABLE_OBJC_ARC = YES;
				CLANG_ENABLE_OBJC_WEAK = YES;
				CLANG_WARN_BLOCK_CAPTURE_AUTORELEASING = YES;
				CLANG_WARN_BOOL_CONVERSION = YES;
				CLANG_WARN_COMMA = YES;
				CLANG_WARN_CONSTANT_CONVERSION = YES;
				CLANG_WARN_DEPRECATED_OBJC_IMPLEMENTATIONS = YES;
				CLANG_WARN_DIRECT_OBJC_ISA_USAGE = YES_ERROR;
				CLANG_WARN_DOCUMENTATION_COMMENTS = YES;
				CLANG_WARN_EMPTY_BODY = YES;
				CLANG_WARN_ENUM_CONVERSION = YES;
				CLANG_WARN_INFINITE_RECURSION = YES;
				CLANG_WARN_INT_CONVERSION = YES;
				CLANG_WARN_NON_LITERAL_NULL_CONVERSION = YES;
				CLANG_WARN_OBJC_IMPLICIT_RETAIN_SELF = YES;
				CLANG_WARN_OBJC_LITERAL_CONVERSION = YES;
				CLANG_WARN_OBJC_ROOT_CLASS = YES_ERROR;
				CLANG_WARN_RANGE_LOOP_ANALYSIS = YES;
				CLANG_WARN_STRICT_PROTOTYPES = YES;
				CLANG_WARN_SUSPICIOUS_MOVE = YES;
				CLANG_WARN_UNGUARDED_AVAILABILITY = YES_AGGRESSIVE;
				CLANG_WARN_UNREACHABLE_CODE = YES;
				CLANG_WARN__DUPLICATE_METHOD_MATCH = YES;
				COPY_PHASE_STRIP = NO;
				DEBUG_INFORMATION_FORMAT = "dwarf-with-dsym";
				ENABLE_NS_ASSERTIONS = NO;
				ENABLE_STRICT_OBJC_MSGSEND = YES;
				GCC_C_LANGUAGE_STANDARD = gnu11;
				GCC_NO_COMMON_BLOCKS = YES;
				GCC_WARN_64_TO_32_BIT_CONVERSION = YES;
				GCC_WARN_ABOUT_RETURN_TYPE = YES_ERROR;
				GCC_WARN_UNDECLARED_SELECTOR = YES;
				GCC_WARN_UNINITIALIZED_AUTOS = YES_AGGRESSIVE;
				GCC_WARN_UNUSED_FUNCTION = YES;
				GCC_WARN_UNUSED_VARIABLE = YES;
				IPHONEOS_DEPLOYMENT_TARGET = 13.0;
				MTL_ENABLE_DEBUG_INFO = NO;
				MTL_FAST_MATH = YES;
				SDKROOT = iphoneos;
				SWIFT_COMPILATION_MODE = wholemodule;
				SWIFT_OPTIMIZATION_LEVEL = "-O";
				VALIDATE_PRODUCT = YES;
			};
			name = Release;
		};
		7ED43F3F22FED1A70005F60A /* Debug */ = {
			isa = XCBuildConfiguration;
			buildSettings = {
				ASSETCATALOG_COMPILER_APPICON_NAME = AppIcon;
				CODE_SIGN_STYLE = Automatic;
				DEVELOPMENT_ASSET_PATHS = "Combine-Forms-Problem/Preview\\ Content";
				ENABLE_PREVIEWS = YES;
				INFOPLIST_FILE = "Combine-Forms-Problem/Info.plist";
				LD_RUNPATH_SEARCH_PATHS = (
					"$(inherited)",
					"@executable_path/Frameworks",
				);
				PRODUCT_BUNDLE_IDENTIFIER = "com.grenleaf.com.Combine-Forms-Problem";
				PRODUCT_NAME = "$(TARGET_NAME)";
				SWIFT_VERSION = 5.0;
				TARGETED_DEVICE_FAMILY = "1,2";
			};
			name = Debug;
		};
		7ED43F4022FED1A70005F60A /* Release */ = {
			isa = XCBuildConfiguration;
			buildSettings = {
				ASSETCATALOG_COMPILER_APPICON_NAME = AppIcon;
				CODE_SIGN_STYLE = Automatic;
				DEVELOPMENT_ASSET_PATHS = "Combine-Forms-Problem/Preview\\ Content";
				ENABLE_PREVIEWS = YES;
				INFOPLIST_FILE = "Combine-Forms-Problem/Info.plist";
				LD_RUNPATH_SEARCH_PATHS = (
					"$(inherited)",
					"@executable_path/Frameworks",
				);
				PRODUCT_BUNDLE_IDENTIFIER = "com.grenleaf.com.Combine-Forms-Problem";
				PRODUCT_NAME = "$(TARGET_NAME)";
				SWIFT_VERSION = 5.0;
				TARGETED_DEVICE_FAMILY = "1,2";
			};
			name = Release;
		};
/* End XCBuildConfiguration section */

/* Begin XCConfigurationList section */
		7ED43F2522FED19B0005F60A /* Build configuration list for PBXProject "Combine-Forms-Problem" */ = {
			isa = XCConfigurationList;
			buildConfigurations = (
				7ED43F3C22FED1A70005F60A /* Debug */,
				7ED43F3D22FED1A70005F60A /* Release */,
			);
			defaultConfigurationIsVisible = 0;
			defaultConfigurationName = Release;
		};
		7ED43F3E22FED1A70005F60A /* Build configuration list for PBXNativeTarget "Combine-Forms-Problem" */ = {
			isa = XCConfigurationList;
			buildConfigurations = (
				7ED43F3F22FED1A70005F60A /* Debug */,
				7ED43F4022FED1A70005F60A /* Release */,
			);
			defaultConfigurationIsVisible = 0;
			defaultConfigurationName = Release;
		};
/* End XCConfigurationList section */

/* Begin XCVersionGroup section */
		7E05DF65232BBFD8004E250F /* Formdata.xcdatamodeld */ = {
			isa = XCVersionGroup;
			children = (
				7E05DF66232BBFD8004E250F /* Formdata.xcdatamodel */,
			);
			currentVersion = 7E05DF66232BBFD8004E250F /* Formdata.xcdatamodel */;
			path = Formdata.xcdatamodeld;
			sourceTree = "<group>";
			versionGroupType = wrapper.xcdatamodel;
		};
/* End XCVersionGroup section */
	};
	rootObject = 7ED43F2222FED19B0005F60A /* Project object */;
}
